
Microsoft Visual Studio Solution File, Format Version 12.00
# Visual Studio Version 17
VisualStudioVersion = 17.13.35818.85 d17.13
MinimumVisualStudioVersion = 10.0.40219.1
Project("{FAE04EC0-301F-11D3-BF4B-00C04F79EFBC}") = "Proiect", "Proiect\Proiect.csproj", "{DBE7D98E-14B1-49C1-B02E-6A6CAA3B5974}"
EndProject
Global
	GlobalSection(SolutionConfigurationPlatforms) = preSolution
		Debug|Any CPU = Debug|Any CPU
		Release|Any CPU = Release|Any CPU
	EndGlobalSection
	GlobalSection(ProjectConfigurationPlatforms) = postSolution
		{DBE7D98E-14B1-49C1-B02E-6A6CAA3B5974}.Debug|Any CPU.ActiveCfg = Debug|Any CPU
		{DBE7D98E-14B1-49C1-B02E-6A6CAA3B5974}.Debug|Any CPU.Build.0 = Debug|Any CPU
		{DBE7D98E-14B1-49C1-B02E-6A6CAA3B5974}.Release|Any CPU.ActiveCfg = Release|Any CPU
		{DBE7D98E-14B1-49C1-B02E-6A6CAA3B5974}.Release|Any CPU.Build.0 = Release|Any CPU
	EndGlobalSection
	GlobalSection(SolutionProperties) = preSolution
		HideSolutionNode = FALSE
	EndGlobalSection
	GlobalSection(ExtensibilityGlobals) = postSolution
		SolutionGuid = {525510A5-5A86-4A10-9A13-7C9AD0C9DA8B}
	EndGlobalSection
EndGlobal
